// !$*UTF8*$!
{
	archiveVersion = 1;
	classes = {
	};
	objectVersion = 50;
	objects = {

/* Begin PBXBuildFile section */
		CB5E5CC924505AD2003041CB /* Gist.swift in Sources */ = {isa = PBXBuildFile; fileRef = CB5E5CC824505AD2003041CB /* Gist.swift */; };
		CB87BF0F244F239B0057BF16 /* AppDelegate.swift in Sources */ = {isa = PBXBuildFile; fileRef = CB87BF0E244F239B0057BF16 /* AppDelegate.swift */; };
		CB87BF11244F239B0057BF16 /* SceneDelegate.swift in Sources */ = {isa = PBXBuildFile; fileRef = CB87BF10244F239B0057BF16 /* SceneDelegate.swift */; };
		CB87BF13244F239B0057BF16 /* GistsViewController.swift in Sources */ = {isa = PBXBuildFile; fileRef = CB87BF12244F239B0057BF16 /* GistsViewController.swift */; };
		CB87BF16244F239B0057BF16 /* Main.storyboard in Resources */ = {isa = PBXBuildFile; fileRef = CB87BF14244F239B0057BF16 /* Main.storyboard */; };
		CB87BF18244F239C0057BF16 /* Assets.xcassets in Resources */ = {isa = PBXBuildFile; fileRef = CB87BF17244F239C0057BF16 /* Assets.xcassets */; };
		CB87BF1B244F239C0057BF16 /* LaunchScreen.storyboard in Resources */ = {isa = PBXBuildFile; fileRef = CB87BF19244F239C0057BF16 /* LaunchScreen.storyboard */; };
		CB87BF23244F43500057BF16 /* DataService.swift in Sources */ = {isa = PBXBuildFile; fileRef = CB87BF22244F43500057BF16 /* DataService.swift */; };
		CBB5B0B82450B9DE00FFC6D5 /* UserCredentials.swift in Sources */ = {isa = PBXBuildFile; fileRef = CBB5B0B72450B9DE00FFC6D5 /* UserCredentials.swift */; };
/* End PBXBuildFile section */

/* Begin PBXFileReference section */
		CB5E5CC824505AD2003041CB /* Gist.swift */ = {isa = PBXFileReference; lastKnownFileType = sourcecode.swift; path = Gist.swift; sourceTree = "<group>"; };
		CB87BF0B244F239B0057BF16 /* RESThub.app */ = {isa = PBXFileReference; explicitFileType = wrapper.application; includeInIndex = 0; path = RESThub.app; sourceTree = BUILT_PRODUCTS_DIR; };
		CB87BF0E244F239B0057BF16 /* AppDelegate.swift */ = {isa = PBXFileReference; lastKnownFileType = sourcecode.swift; path = AppDelegate.swift; sourceTree = "<group>"; };
		CB87BF10244F239B0057BF16 /* SceneDelegate.swift */ = {isa = PBXFileReference; lastKnownFileType = sourcecode.swift; path = SceneDelegate.swift; sourceTree = "<group>"; };
		CB87BF12244F239B0057BF16 /* GistsViewController.swift */ = {isa = PBXFileReference; lastKnownFileType = sourcecode.swift; path = GistsViewController.swift; sourceTree = "<group>"; };
		CB87BF15244F239B0057BF16 /* Base */ = {isa = PBXFileReference; lastKnownFileType = file.storyboard; name = Base; path = Base.lproj/Main.storyboard; sourceTree = "<group>"; };
		CB87BF17244F239C0057BF16 /* Assets.xcassets */ = {isa = PBXFileReference; lastKnownFileType = folder.assetcatalog; path = Assets.xcassets; sourceTree = "<group>"; };
		CB87BF1A244F239C0057BF16 /* Base */ = {isa = PBXFileReference; lastKnownFileType = file.storyboard; name = Base; path = Base.lproj/LaunchScreen.storyboard; sourceTree = "<group>"; };
		CB87BF1C244F239C0057BF16 /* Info.plist */ = {isa = PBXFileReference; lastKnownFileType = text.plist.xml; path = Info.plist; sourceTree = "<group>"; };
		CB87BF22244F43500057BF16 /* DataService.swift */ = {isa = PBXFileReference; lastKnownFileType = sourcecode.swift; path = DataService.swift; sourceTree = "<group>"; };
		CBB5B0B72450B9DE00FFC6D5 /* UserCredentials.swift */ = {isa = PBXFileReference; lastKnownFileType = sourcecode.swift; path = UserCredentials.swift; sourceTree = "<group>"; };
/* End PBXFileReference section */

/* Begin PBXFrameworksBuildPhase section */
		CB87BF08244F239B0057BF16 /* Frameworks */ = {
			isa = PBXFrameworksBuildPhase;
			buildActionMask = 2147483647;
			files = (
			);
			runOnlyForDeploymentPostprocessing = 0;
		};
/* End PBXFrameworksBuildPhase section */

/* Begin PBXGroup section */
		CB5E5CCC2450B616003041CB /* Supporting Files */ = {
			isa = PBXGroup;
			children = (
				CB87BF0E244F239B0057BF16 /* AppDelegate.swift */,
				CB87BF10244F239B0057BF16 /* SceneDelegate.swift */,
				CB87BF17244F239C0057BF16 /* Assets.xcassets */,
				CBB5B0B72450B9DE00FFC6D5 /* UserCredentials.swift */,
			);
			path = "Supporting Files";
			sourceTree = "<group>";
		};
		CB5E5CCD2450B623003041CB /* Controller */ = {
			isa = PBXGroup;
			children = (
				CB87BF12244F239B0057BF16 /* GistsViewController.swift */,
			);
			path = Controller;
			sourceTree = "<group>";
		};
		CB5E5CCE2450B62D003041CB /* Model */ = {
			isa = PBXGroup;
			children = (
				CB87BF22244F43500057BF16 /* DataService.swift */,
				CB5E5CC824505AD2003041CB /* Gist.swift */,
			);
			path = Model;
			sourceTree = "<group>";
		};
		CB87BF02244F239B0057BF16 = {
			isa = PBXGroup;
			children = (
				CB87BF0D244F239B0057BF16 /* RESThub */,
				CB5E5CCC2450B616003041CB /* Supporting Files */,
				CB87BF0C244F239B0057BF16 /* Products */,
			);
			sourceTree = "<group>";
		};
		CB87BF0C244F239B0057BF16 /* Products */ = {
			isa = PBXGroup;
			children = (
				CB87BF0B244F239B0057BF16 /* RESThub.app */,
			);
			name = Products;
			sourceTree = "<group>";
		};
		CB87BF0D244F239B0057BF16 /* RESThub */ = {
			isa = PBXGroup;
			children = (
				CB5E5CCD2450B623003041CB /* Controller */,
				CB5E5CCE2450B62D003041CB /* Model */,
				CB87BF14244F239B0057BF16 /* Main.storyboard */,
				CB87BF1C244F239C0057BF16 /* Info.plist */,
				CB87BF19244F239C0057BF16 /* LaunchScreen.storyboard */,
			);
			path = RESThub;
			sourceTree = "<group>";
		};
/* End PBXGroup section */

/* Begin PBXNativeTarget section */
		CB87BF0A244F239B0057BF16 /* RESThub */ = {
			isa = PBXNativeTarget;
			buildConfigurationList = CB87BF1F244F239C0057BF16 /* Build configuration list for PBXNativeTarget "RESThub" */;
			buildPhases = (
				CB87BF07244F239B0057BF16 /* Sources */,
				CB87BF08244F239B0057BF16 /* Frameworks */,
				CB87BF09244F239B0057BF16 /* Resources */,
			);
			buildRules = (
			);
			dependencies = (
			);
			name = RESThub;
			productName = RESThub;
			productReference = CB87BF0B244F239B0057BF16 /* RESThub.app */;
			productType = "com.apple.product-type.application";
		};
/* End PBXNativeTarget section */

/* Begin PBXProject section */
		CB87BF03244F239B0057BF16 /* Project object */ = {
			isa = PBXProject;
			attributes = {
				LastSwiftUpdateCheck = 1140;
				LastUpgradeCheck = 1140;
				ORGANIZATIONNAME = "Giorgi Shukakidze";
				TargetAttributes = {
					CB87BF0A244F239B0057BF16 = {
						CreatedOnToolsVersion = 11.4.1;
					};
				};
			};
			buildConfigurationList = CB87BF06244F239B0057BF16 /* Build configuration list for PBXProject "RESThub" */;
			compatibilityVersion = "Xcode 9.3";
			developmentRegion = en;
			hasScannedForEncodings = 0;
			knownRegions = (
				en,
				Base,
			);
			mainGroup = CB87BF02244F239B0057BF16;
			productRefGroup = CB87BF0C244F239B0057BF16 /* Products */;
			projectDirPath = "";
			projectRoot = "";
			targets = (
				CB87BF0A244F239B0057BF16 /* RESThub */,
			);
		};
/* End PBXProject section */

/* Begin PBXResourcesBuildPhase section */
		CB87BF09244F239B0057BF16 /* Resources */ = {
			isa = PBXResourcesBuildPhase;
			buildActionMask = 2147483647;
			files = (
				CB87BF1B244F239C0057BF16 /* LaunchScreen.storyboard in Resources */,
				CB87BF18244F239C0057BF16 /* Assets.xcassets in Resources */,
				CB87BF16244F239B0057BF16 /* Main.storyboard in Resources */,
			);
			runOnlyForDeploymentPostprocessing = 0;
		};
/* End PBXResourcesBuildPhase section */

/* Begin PBXSourcesBuildPhase section */
		CB87BF07244F239B0057BF16 /* Sources */ = {
			isa = PBXSourcesBuildPhase;
			buildActionMask = 2147483647;
			files = (
				CB5E5CC924505AD2003041CB /* Gist.swift in Sources */,
				CB87BF13244F239B0057BF16 /* GistsViewController.swift in Sources */,
				CB87BF0F244F239B0057BF16 /* AppDelegate.swift in Sources */,
				CB87BF11244F239B0057BF16 /* SceneDelegate.swift in Sources */,
				CB87BF23244F43500057BF16 /* DataService.swift in Sources */,
				CBB5B0B82450B9DE00FFC6D5 /* UserCredentials.swift in Sources */,
			);
			runOnlyForDeploymentPostprocessing = 0;
		};
/* End PBXSourcesBuildPhase section */

/* Begin PBXVariantGroup section */
		CB87BF14244F239B0057BF16 /* Main.storyboard */ = {
			isa = PBXVariantGroup;
			children = (
				CB87BF15244F239B0057BF16 /* Base */,
			);
			name = Main.storyboard;
			sourceTree = "<group>";
		};
		CB87BF19244F239C0057BF16 /* LaunchScreen.storyboard */ = {
			isa = PBXVariantGroup;
			children = (
				CB87BF1A244F239C0057BF16 /* Base */,
			);
			name = LaunchScreen.storyboard;
			sourceTree = "<group>";
		};
/* End PBXVariantGroup section */

/* Begin XCBuildConfiguration section */
		CB87BF1D244F239C0057BF16 /* Debug */ = {
			isa = XCBuildConfiguration;
			buildSettings = {
				ALWAYS_SEARCH_USER_PATHS = NO;
				CLANG_ANALYZER_NONNULL = YES;
				CLANG_ANALYZER_NUMBER_OBJECT_CONVERSION = YES_AGGRESSIVE;
				CLANG_CXX_LANGUAGE_STANDARD = "gnu++14";
				CLANG_CXX_LIBRARY = "libc++";
				CLANG_ENABLE_MODULES = YES;
				CLANG_ENABLE_OBJC_ARC = YES;
				CLANG_ENABLE_OBJC_WEAK = YES;
				CLANG_WARN_BLOCK_CAPTURE_AUTORELEASING = YES;
				CLANG_WARN_BOOL_CONVERSION = YES;
				CLANG_WARN_COMMA = YES;
				CLANG_WARN_CONSTANT_CONVERSION = YES;
				CLANG_WARN_DEPRECATED_OBJC_IMPLEMENTATIONS = YES;
				CLANG_WARN_DIRECT_OBJC_ISA_USAGE = YES_ERROR;
				CLANG_WARN_DOCUMENTATION_COMMENTS = YES;
				CLANG_WARN_EMPTY_BODY = YES;
				CLANG_WARN_ENUM_CONVERSION = YES;
				CLANG_WARN_INFINITE_RECURSION = YES;
				CLANG_WARN_INT_CONVERSION = YES;
				CLANG_WARN_NON_LITERAL_NULL_CONVERSION = YES;
				CLANG_WARN_OBJC_IMPLICIT_RETAIN_SELF = YES;
				CLANG_WARN_OBJC_LITERAL_CONVERSION = YES;
				CLANG_WARN_OBJC_ROOT_CLASS = YES_ERROR;
				CLANG_WARN_RANGE_LOOP_ANALYSIS = YES;
				CLANG_WARN_STRICT_PROTOTYPES = YES;
				CLANG_WARN_SUSPICIOUS_MOVE = YES;
				CLANG_WARN_UNGUARDED_AVAILABILITY = YES_AGGRESSIVE;
				CLANG_WARN_UNREACHABLE_CODE = YES;
				CLANG_WARN__DUPLICATE_METHOD_MATCH = YES;
				COPY_PHASE_STRIP = NO;
				DEBUG_INFORMATION_FORMAT = dwarf;
				ENABLE_STRICT_OBJC_MSGSEND = YES;
				ENABLE_TESTABILITY = YES;
				GCC_C_LANGUAGE_STANDARD = gnu11;
				GCC_DYNAMIC_NO_PIC = NO;
				GCC_NO_COMMON_BLOCKS = YES;
				GCC_OPTIMIZATION_LEVEL = 0;
				GCC_PREPROCESSOR_DEFINITIONS = (
					"DEBUG=1",
					"$(inherited)",
				);
				GCC_WARN_64_TO_32_BIT_CONVERSION = YES;
				GCC_WARN_ABOUT_RETURN_TYPE = YES_ERROR;
				GCC_WARN_UNDECLARED_SELECTOR = YES;
				GCC_WARN_UNINITIALIZED_AUTOS = YES_AGGRESSIVE;
				GCC_WARN_UNUSED_FUNCTION = YES;
				GCC_WARN_UNUSED_VARIABLE = YES;
				IPHONEOS_DEPLOYMENT_TARGET = 13.4;
				MTL_ENABLE_DEBUG_INFO = INCLUDE_SOURCE;
				MTL_FAST_MATH = YES;
				ONLY_ACTIVE_ARCH = YES;
				SDKROOT = iphoneos;
				SWIFT_ACTIVE_COMPILATION_CONDITIONS = DEBUG;
				SWIFT_OPTIMIZATION_LEVEL = "-Onone";
			};
			name = Debug;
		};
		CB87BF1E244F239C0057BF16 /* Release */ = {
			isa = XCBuildConfiguration;
			buildSettings = {
				ALWAYS_SEARCH_USER_PATHS = NO;
				CLANG_ANALYZER_NONNULL = YES;
				CLANG_ANALYZER_NUMBER_OBJECT_CONVERSION = YES_AGGRESSIVE;
				CLANG_CXX_LANGUAGE_STANDARD = "gnu++14";
				CLANG_CXX_LIBRARY = "libc++";
				CLANG_ENABLE_MODULES = YES;
				CLANG_ENABLE_OBJC_ARC = YES;
				CLANG_ENABLE_OBJC_WEAK = YES;
				CLANG_WARN_BLOCK_CAPTURE_AUTORELEASING = YES;
				CLANG_WARN_BOOL_CONVERSION = YES;
				CLANG_WARN_COMMA = YES;
				CLANG_WARN_CONSTANT_CONVERSION = YES;
				CLANG_WARN_DEPRECATED_OBJC_IMPLEMENTATIONS = YES;
				CLANG_WARN_DIRECT_OBJC_ISA_USAGE = YES_ERROR;
				CLANG_WARN_DOCUMENTATION_COMMENTS = YES;
				CLANG_WARN_EMPTY_BODY = YES;
				CLANG_WARN_ENUM_CONVERSION = YES;
				CLANG_WARN_INFINITE_RECURSION = YES;
				CLANG_WARN_INT_CONVERSION = YES;
				CLANG_WARN_NON_LITERAL_NULL_CONVERSION = YES;
				CLANG_WARN_OBJC_IMPLICIT_RETAIN_SELF = YES;
				CLANG_WARN_OBJC_LITERAL_CONVERSION = YES;
				CLANG_WARN_OBJC_ROOT_CLASS = YES_ERROR;
				CLANG_WARN_RANGE_LOOP_ANALYSIS = YES;
				CLANG_WARN_STRICT_PROTOTYPES = YES;
				CLANG_WARN_SUSPICIOUS_MOVE = YES;
				CLANG_WARN_UNGUARDED_AVAILABILITY = YES_AGGRESSIVE;
				CLANG_WARN_UNREACHABLE_CODE = YES;
				CLANG_WARN__DUPLICATE_METHOD_MATCH = YES;
				COPY_PHASE_STRIP = NO;
				DEBUG_INFORMATION_FORMAT = "dwarf-with-dsym";
				ENABLE_NS_ASSERTIONS = NO;
				ENABLE_STRICT_OBJC_MSGSEND = YES;
				GCC_C_LANGUAGE_STANDARD = gnu11;
				GCC_NO_COMMON_BLOCKS = YES;
				GCC_WARN_64_TO_32_BIT_CONVERSION = YES;
				GCC_WARN_ABOUT_RETURN_TYPE = YES_ERROR;
				GCC_WARN_UNDECLARED_SELECTOR = YES;
				GCC_WARN_UNINITIALIZED_AUTOS = YES_AGGRESSIVE;
				GCC_WARN_UNUSED_FUNCTION = YES;
				GCC_WARN_UNUSED_VARIABLE = YES;
				IPHONEOS_DEPLOYMENT_TARGET = 13.4;
				MTL_ENABLE_DEBUG_INFO = NO;
				MTL_FAST_MATH = YES;
				SDKROOT = iphoneos;
				SWIFT_COMPILATION_MODE = wholemodule;
				SWIFT_OPTIMIZATION_LEVEL = "-O";
				VALIDATE_PRODUCT = YES;
			};
			name = Release;
		};
		CB87BF20244F239C0057BF16 /* Debug */ = {
			isa = XCBuildConfiguration;
			buildSettings = {
				ASSETCATALOG_COMPILER_APPICON_NAME = AppIcon;
				CODE_SIGN_STYLE = Automatic;
				DEVELOPMENT_TEAM = L3N5YCXU3C;
				INFOPLIST_FILE = RESThub/Info.plist;
				LD_RUNPATH_SEARCH_PATHS = (
					"$(inherited)",
					"@executable_path/Frameworks",
				);
				PRODUCT_BUNDLE_IDENTIFIER = com.gshukakidze.RESThub;
				PRODUCT_NAME = "$(TARGET_NAME)";
				SWIFT_VERSION = 5.0;
				TARGETED_DEVICE_FAMILY = "1,2";
			};
			name = Debug;
		};
		CB87BF21244F239C0057BF16 /* Release */ = {
			isa = XCBuildConfiguration;
			buildSettings = {
				ASSETCATALOG_COMPILER_APPICON_NAME = AppIcon;
				CODE_SIGN_STYLE = Automatic;
				DEVELOPMENT_TEAM = L3N5YCXU3C;
				INFOPLIST_FILE = RESThub/Info.plist;
				LD_RUNPATH_SEARCH_PATHS = (
					"$(inherited)",
					"@executable_path/Frameworks",
				);
				PRODUCT_BUNDLE_IDENTIFIER = com.gshukakidze.RESThub;
				PRODUCT_NAME = "$(TARGET_NAME)";
				SWIFT_VERSION = 5.0;
				TARGETED_DEVICE_FAMILY = "1,2";
			};
			name = Release;
		};
/* End XCBuildConfiguration section */

/* Begin XCConfigurationList section */
		CB87BF06244F239B0057BF16 /* Build configuration list for PBXProject "RESThub" */ = {
			isa = XCConfigurationList;
			buildConfigurations = (
				CB87BF1D244F239C0057BF16 /* Debug */,
				CB87BF1E244F239C0057BF16 /* Release */,
			);
			defaultConfigurationIsVisible = 0;
			defaultConfigurationName = Release;
		};
		CB87BF1F244F239C0057BF16 /* Build configuration list for PBXNativeTarget "RESThub" */ = {
			isa = XCConfigurationList;
			buildConfigurations = (
				CB87BF20244F239C0057BF16 /* Debug */,
				CB87BF21244F239C0057BF16 /* Release */,
			);
			defaultConfigurationIsVisible = 0;
			defaultConfigurationName = Release;
		};
/* End XCConfigurationList section */
	};
	rootObject = CB87BF03244F239B0057BF16 /* Project object */;
}
