// !$*UTF8*$!
{
	archiveVersion = 1;
	classes = {
	};
	objectVersion = 51;
	objects = {

/* Begin PBXBuildFile section */
		194674F26868D13E6C72866D /* libPods-WhatFlower.a in Frameworks */ = {isa = PBXBuildFile; fileRef = 3405F9CD972425D6B1958332 /* libPods-WhatFlower.a */; };
		CBA26D552428F47F0088BDC4 /* WikiRequestManager.swift in Sources */ = {isa = PBXBuildFile; fileRef = CBA26D542428F47F0088BDC4 /* WikiRequestManager.swift */; };
		CBD457042427A83B00F1F288 /* AppDelegate.swift in Sources */ = {isa = PBXBuildFile; fileRef = CBD457032427A83B00F1F288 /* AppDelegate.swift */; };
		CBD457062427A83B00F1F288 /* SceneDelegate.swift in Sources */ = {isa = PBXBuildFile; fileRef = CBD457052427A83B00F1F288 /* SceneDelegate.swift */; };
		CBD457082427A83B00F1F288 /* ViewController.swift in Sources */ = {isa = PBXBuildFile; fileRef = CBD457072427A83B00F1F288 /* ViewController.swift */; };
		CBD4570B2427A83B00F1F288 /* Main.storyboard in Resources */ = {isa = PBXBuildFile; fileRef = CBD457092427A83B00F1F288 /* Main.storyboard */; };
		CBD4570D2427A83D00F1F288 /* Assets.xcassets in Resources */ = {isa = PBXBuildFile; fileRef = CBD4570C2427A83D00F1F288 /* Assets.xcassets */; };
		CBD457102427A83D00F1F288 /* LaunchScreen.storyboard in Resources */ = {isa = PBXBuildFile; fileRef = CBD4570E2427A83D00F1F288 /* LaunchScreen.storyboard */; };
		CBD457192427A87C00F1F288 /* FlowerClassifier.mlmodel in Sources */ = {isa = PBXBuildFile; fileRef = CBD457182427A87C00F1F288 /* FlowerClassifier.mlmodel */; };
/* End PBXBuildFile section */

/* Begin PBXFileReference section */
		3405F9CD972425D6B1958332 /* libPods-WhatFlower.a */ = {isa = PBXFileReference; explicitFileType = archive.ar; includeInIndex = 0; path = "libPods-WhatFlower.a"; sourceTree = BUILT_PRODUCTS_DIR; };
		9B27C50AA2C8EA41638C1D67 /* Pods-WhatFlower.debug.xcconfig */ = {isa = PBXFileReference; includeInIndex = 1; lastKnownFileType = text.xcconfig; name = "Pods-WhatFlower.debug.xcconfig"; path = "Target Support Files/Pods-WhatFlower/Pods-WhatFlower.debug.xcconfig"; sourceTree = "<group>"; };
		9B3CC1038F738B44B9E03BAD /* Pods-WhatFlower.release.xcconfig */ = {isa = PBXFileReference; includeInIndex = 1; lastKnownFileType = text.xcconfig; name = "Pods-WhatFlower.release.xcconfig"; path = "Target Support Files/Pods-WhatFlower/Pods-WhatFlower.release.xcconfig"; sourceTree = "<group>"; };
		CBA26D542428F47F0088BDC4 /* WikiRequestManager.swift */ = {isa = PBXFileReference; lastKnownFileType = sourcecode.swift; path = WikiRequestManager.swift; sourceTree = "<group>"; };
		CBD457002427A83B00F1F288 /* WhatFlower.app */ = {isa = PBXFileReference; explicitFileType = wrapper.application; includeInIndex = 0; path = WhatFlower.app; sourceTree = BUILT_PRODUCTS_DIR; };
		CBD457032427A83B00F1F288 /* AppDelegate.swift */ = {isa = PBXFileReference; lastKnownFileType = sourcecode.swift; path = AppDelegate.swift; sourceTree = "<group>"; };
		CBD457052427A83B00F1F288 /* SceneDelegate.swift */ = {isa = PBXFileReference; lastKnownFileType = sourcecode.swift; path = SceneDelegate.swift; sourceTree = "<group>"; };
		CBD457072427A83B00F1F288 /* ViewController.swift */ = {isa = PBXFileReference; lastKnownFileType = sourcecode.swift; path = ViewController.swift; sourceTree = "<group>"; };
		CBD4570A2427A83B00F1F288 /* Base */ = {isa = PBXFileReference; lastKnownFileType = file.storyboard; name = Base; path = Base.lproj/Main.storyboard; sourceTree = "<group>"; };
		CBD4570C2427A83D00F1F288 /* Assets.xcassets */ = {isa = PBXFileReference; lastKnownFileType = folder.assetcatalog; path = Assets.xcassets; sourceTree = "<group>"; };
		CBD4570F2427A83D00F1F288 /* Base */ = {isa = PBXFileReference; lastKnownFileType = file.storyboard; name = Base; path = Base.lproj/LaunchScreen.storyboard; sourceTree = "<group>"; };
		CBD457112427A83D00F1F288 /* Info.plist */ = {isa = PBXFileReference; lastKnownFileType = text.plist.xml; path = Info.plist; sourceTree = "<group>"; };
		CBD457182427A87C00F1F288 /* FlowerClassifier.mlmodel */ = {isa = PBXFileReference; lastKnownFileType = file.mlmodel; path = FlowerClassifier.mlmodel; sourceTree = "<group>"; };
/* End PBXFileReference section */

/* Begin PBXFrameworksBuildPhase section */
		CBD456FD2427A83B00F1F288 /* Frameworks */ = {
			isa = PBXFrameworksBuildPhase;
			buildActionMask = 2147483647;
			files = (
				194674F26868D13E6C72866D /* libPods-WhatFlower.a in Frameworks */,
			);
			runOnlyForDeploymentPostprocessing = 0;
		};
/* End PBXFrameworksBuildPhase section */

/* Begin PBXGroup section */
		3ED735C31616D1D21AD0D3E1 /* Pods */ = {
			isa = PBXGroup;
			children = (
				9B27C50AA2C8EA41638C1D67 /* Pods-WhatFlower.debug.xcconfig */,
				9B3CC1038F738B44B9E03BAD /* Pods-WhatFlower.release.xcconfig */,
			);
			path = Pods;
			sourceTree = "<group>";
		};
		CBA26D562428FC0C0088BDC4 /* View */ = {
			isa = PBXGroup;
			children = (
				CBD457092427A83B00F1F288 /* Main.storyboard */,
			);
			path = View;
			sourceTree = "<group>";
		};
		CBA26D572428FC130088BDC4 /* Controller */ = {
			isa = PBXGroup;
			children = (
				CBD457072427A83B00F1F288 /* ViewController.swift */,
			);
			path = Controller;
			sourceTree = "<group>";
		};
		CBA26D582428FC1C0088BDC4 /* Model */ = {
			isa = PBXGroup;
			children = (
				CBA26D542428F47F0088BDC4 /* WikiRequestManager.swift */,
			);
			path = Model;
			sourceTree = "<group>";
		};
		CBD456F72427A83B00F1F288 = {
			isa = PBXGroup;
			children = (
				CBD457022427A83B00F1F288 /* WhatFlower */,
				CBD457172427A85900F1F288 /* Supporting Files */,
				CBD457012427A83B00F1F288 /* Products */,
				3ED735C31616D1D21AD0D3E1 /* Pods */,
				E80F114CA693F004BCB88008 /* Frameworks */,
			);
			sourceTree = "<group>";
		};
		CBD457012427A83B00F1F288 /* Products */ = {
			isa = PBXGroup;
			children = (
				CBD457002427A83B00F1F288 /* WhatFlower.app */,
			);
			name = Products;
			sourceTree = "<group>";
		};
		CBD457022427A83B00F1F288 /* WhatFlower */ = {
			isa = PBXGroup;
			children = (
				CBA26D572428FC130088BDC4 /* Controller */,
				CBA26D582428FC1C0088BDC4 /* Model */,
				CBA26D562428FC0C0088BDC4 /* View */,
				CBD457112427A83D00F1F288 /* Info.plist */,
				CBD457182427A87C00F1F288 /* FlowerClassifier.mlmodel */,
			);
			path = WhatFlower;
			sourceTree = "<group>";
		};
		CBD457172427A85900F1F288 /* Supporting Files */ = {
			isa = PBXGroup;
			children = (
				CBD457032427A83B00F1F288 /* AppDelegate.swift */,
				CBD457052427A83B00F1F288 /* SceneDelegate.swift */,
				CBD4570C2427A83D00F1F288 /* Assets.xcassets */,
				CBD4570E2427A83D00F1F288 /* LaunchScreen.storyboard */,
			);
			path = "Supporting Files";
			sourceTree = "<group>";
		};
		E80F114CA693F004BCB88008 /* Frameworks */ = {
			isa = PBXGroup;
			children = (
				3405F9CD972425D6B1958332 /* libPods-WhatFlower.a */,
			);
			name = Frameworks;
			sourceTree = "<group>";
		};
/* End PBXGroup section */

/* Begin PBXNativeTarget section */
		CBD456FF2427A83B00F1F288 /* WhatFlower */ = {
			isa = PBXNativeTarget;
			buildConfigurationList = CBD457142427A83D00F1F288 /* Build configuration list for PBXNativeTarget "WhatFlower" */;
			buildPhases = (
				01F5C9CA715A139A8910407F /* [CP] Check Pods Manifest.lock */,
				CBD456FC2427A83B00F1F288 /* Sources */,
				CBD456FD2427A83B00F1F288 /* Frameworks */,
				CBD456FE2427A83B00F1F288 /* Resources */,
			);
			buildRules = (
			);
			dependencies = (
			);
			name = WhatFlower;
			productName = WhatFlower;
			productReference = CBD457002427A83B00F1F288 /* WhatFlower.app */;
			productType = "com.apple.product-type.application";
		};
/* End PBXNativeTarget section */

/* Begin PBXProject section */
		CBD456F82427A83B00F1F288 /* Project object */ = {
			isa = PBXProject;
			attributes = {
				LastSwiftUpdateCheck = 1130;
				LastUpgradeCheck = 1130;
				ORGANIZATIONNAME = "Giorgi Shukakidze";
				TargetAttributes = {
					CBD456FF2427A83B00F1F288 = {
						CreatedOnToolsVersion = 11.3.1;
					};
				};
			};
			buildConfigurationList = CBD456FB2427A83B00F1F288 /* Build configuration list for PBXProject "WhatFlower" */;
			compatibilityVersion = "Xcode 9.3";
			developmentRegion = en;
			hasScannedForEncodings = 0;
			knownRegions = (
				en,
				Base,
			);
			mainGroup = CBD456F72427A83B00F1F288;
			productRefGroup = CBD457012427A83B00F1F288 /* Products */;
			projectDirPath = "";
			projectRoot = "";
			targets = (
				CBD456FF2427A83B00F1F288 /* WhatFlower */,
			);
		};
/* End PBXProject section */

/* Begin PBXResourcesBuildPhase section */
		CBD456FE2427A83B00F1F288 /* Resources */ = {
			isa = PBXResourcesBuildPhase;
			buildActionMask = 2147483647;
			files = (
				CBD457102427A83D00F1F288 /* LaunchScreen.storyboard in Resources */,
				CBD4570D2427A83D00F1F288 /* Assets.xcassets in Resources */,
				CBD4570B2427A83B00F1F288 /* Main.storyboard in Resources */,
			);
			runOnlyForDeploymentPostprocessing = 0;
		};
/* End PBXResourcesBuildPhase section */

/* Begin PBXShellScriptBuildPhase section */
		01F5C9CA715A139A8910407F /* [CP] Check Pods Manifest.lock */ = {
			isa = PBXShellScriptBuildPhase;
			buildActionMask = 2147483647;
			files = (
			);
			inputFileListPaths = (
			);
			inputPaths = (
				"${PODS_PODFILE_DIR_PATH}/Podfile.lock",
				"${PODS_ROOT}/Manifest.lock",
			);
			name = "[CP] Check Pods Manifest.lock";
			outputFileListPaths = (
			);
			outputPaths = (
				"$(DERIVED_FILE_DIR)/Pods-WhatFlower-checkManifestLockResult.txt",
			);
			runOnlyForDeploymentPostprocessing = 0;
			shellPath = /bin/sh;
			shellScript = "diff \"${PODS_PODFILE_DIR_PATH}/Podfile.lock\" \"${PODS_ROOT}/Manifest.lock\" > /dev/null\nif [ $? != 0 ] ; then\n    # print error to STDERR\n    echo \"error: The sandbox is not in sync with the Podfile.lock. Run 'pod install' or update your CocoaPods installation.\" >&2\n    exit 1\nfi\n# This output is used by Xcode 'outputs' to avoid re-running this script phase.\necho \"SUCCESS\" > \"${SCRIPT_OUTPUT_FILE_0}\"\n";
			showEnvVarsInLog = 0;
		};
/* End PBXShellScriptBuildPhase section */

/* Begin PBXSourcesBuildPhase section */
		CBD456FC2427A83B00F1F288 /* Sources */ = {
			isa = PBXSourcesBuildPhase;
			buildActionMask = 2147483647;
			files = (
				CBD457192427A87C00F1F288 /* FlowerClassifier.mlmodel in Sources */,
				CBD457082427A83B00F1F288 /* ViewController.swift in Sources */,
				CBD457042427A83B00F1F288 /* AppDelegate.swift in Sources */,
				CBD457062427A83B00F1F288 /* SceneDelegate.swift in Sources */,
				CBA26D552428F47F0088BDC4 /* WikiRequestManager.swift in Sources */,
			);
			runOnlyForDeploymentPostprocessing = 0;
		};
/* End PBXSourcesBuildPhase section */

/* Begin PBXVariantGroup section */
		CBD457092427A83B00F1F288 /* Main.storyboard */ = {
			isa = PBXVariantGroup;
			children = (
				CBD4570A2427A83B00F1F288 /* Base */,
			);
			name = Main.storyboard;
			sourceTree = "<group>";
		};
		CBD4570E2427A83D00F1F288 /* LaunchScreen.storyboard */ = {
			isa = PBXVariantGroup;
			children = (
				CBD4570F2427A83D00F1F288 /* Base */,
			);
			name = LaunchScreen.storyboard;
			sourceTree = "<group>";
		};
/* End PBXVariantGroup section */

/* Begin XCBuildConfiguration section */
		CBD457122427A83D00F1F288 /* Debug */ = {
			isa = XCBuildConfiguration;
			buildSettings = {
				ALWAYS_SEARCH_USER_PATHS = NO;
				CLANG_ANALYZER_NONNULL = YES;
				CLANG_ANALYZER_NUMBER_OBJECT_CONVERSION = YES_AGGRESSIVE;
				CLANG_CXX_LANGUAGE_STANDARD = "gnu++14";
				CLANG_CXX_LIBRARY = "libc++";
				CLANG_ENABLE_MODULES = YES;
				CLANG_ENABLE_OBJC_ARC = YES;
				CLANG_ENABLE_OBJC_WEAK = YES;
				CLANG_WARN_BLOCK_CAPTURE_AUTORELEASING = YES;
				CLANG_WARN_BOOL_CONVERSION = YES;
				CLANG_WARN_COMMA = YES;
				CLANG_WARN_CONSTANT_CONVERSION = YES;
				CLANG_WARN_DEPRECATED_OBJC_IMPLEMENTATIONS = YES;
				CLANG_WARN_DIRECT_OBJC_ISA_USAGE = YES_ERROR;
				CLANG_WARN_DOCUMENTATION_COMMENTS = YES;
				CLANG_WARN_EMPTY_BODY = YES;
				CLANG_WARN_ENUM_CONVERSION = YES;
				CLANG_WARN_INFINITE_RECURSION = YES;
				CLANG_WARN_INT_CONVERSION = YES;
				CLANG_WARN_NON_LITERAL_NULL_CONVERSION = YES;
				CLANG_WARN_OBJC_IMPLICIT_RETAIN_SELF = YES;
				CLANG_WARN_OBJC_LITERAL_CONVERSION = YES;
				CLANG_WARN_OBJC_ROOT_CLASS = YES_ERROR;
				CLANG_WARN_RANGE_LOOP_ANALYSIS = YES;
				CLANG_WARN_STRICT_PROTOTYPES = YES;
				CLANG_WARN_SUSPICIOUS_MOVE = YES;
				CLANG_WARN_UNGUARDED_AVAILABILITY = YES_AGGRESSIVE;
				CLANG_WARN_UNREACHABLE_CODE = YES;
				CLANG_WARN__DUPLICATE_METHOD_MATCH = YES;
				COPY_PHASE_STRIP = NO;
				DEBUG_INFORMATION_FORMAT = dwarf;
				ENABLE_STRICT_OBJC_MSGSEND = YES;
				ENABLE_TESTABILITY = YES;
				GCC_C_LANGUAGE_STANDARD = gnu11;
				GCC_DYNAMIC_NO_PIC = NO;
				GCC_NO_COMMON_BLOCKS = YES;
				GCC_OPTIMIZATION_LEVEL = 0;
				GCC_PREPROCESSOR_DEFINITIONS = (
					"DEBUG=1",
					"$(inherited)",
				);
				GCC_WARN_64_TO_32_BIT_CONVERSION = YES;
				GCC_WARN_ABOUT_RETURN_TYPE = YES_ERROR;
				GCC_WARN_UNDECLARED_SELECTOR = YES;
				GCC_WARN_UNINITIALIZED_AUTOS = YES_AGGRESSIVE;
				GCC_WARN_UNUSED_FUNCTION = YES;
				GCC_WARN_UNUSED_VARIABLE = YES;
				IPHONEOS_DEPLOYMENT_TARGET = 13.2;
				MTL_ENABLE_DEBUG_INFO = INCLUDE_SOURCE;
				MTL_FAST_MATH = YES;
				ONLY_ACTIVE_ARCH = YES;
				SDKROOT = iphoneos;
				SWIFT_ACTIVE_COMPILATION_CONDITIONS = DEBUG;
				SWIFT_OPTIMIZATION_LEVEL = "-Onone";
			};
			name = Debug;
		};
		CBD457132427A83D00F1F288 /* Release */ = {
			isa = XCBuildConfiguration;
			buildSettings = {
				ALWAYS_SEARCH_USER_PATHS = NO;
				CLANG_ANALYZER_NONNULL = YES;
				CLANG_ANALYZER_NUMBER_OBJECT_CONVERSION = YES_AGGRESSIVE;
				CLANG_CXX_LANGUAGE_STANDARD = "gnu++14";
				CLANG_CXX_LIBRARY = "libc++";
				CLANG_ENABLE_MODULES = YES;
				CLANG_ENABLE_OBJC_ARC = YES;
				CLANG_ENABLE_OBJC_WEAK = YES;
				CLANG_WARN_BLOCK_CAPTURE_AUTORELEASING = YES;
				CLANG_WARN_BOOL_CONVERSION = YES;
				CLANG_WARN_COMMA = YES;
				CLANG_WARN_CONSTANT_CONVERSION = YES;
				CLANG_WARN_DEPRECATED_OBJC_IMPLEMENTATIONS = YES;
				CLANG_WARN_DIRECT_OBJC_ISA_USAGE = YES_ERROR;
				CLANG_WARN_DOCUMENTATION_COMMENTS = YES;
				CLANG_WARN_EMPTY_BODY = YES;
				CLANG_WARN_ENUM_CONVERSION = YES;
				CLANG_WARN_INFINITE_RECURSION = YES;
				CLANG_WARN_INT_CONVERSION = YES;
				CLANG_WARN_NON_LITERAL_NULL_CONVERSION = YES;
				CLANG_WARN_OBJC_IMPLICIT_RETAIN_SELF = YES;
				CLANG_WARN_OBJC_LITERAL_CONVERSION = YES;
				CLANG_WARN_OBJC_ROOT_CLASS = YES_ERROR;
				CLANG_WARN_RANGE_LOOP_ANALYSIS = YES;
				CLANG_WARN_STRICT_PROTOTYPES = YES;
				CLANG_WARN_SUSPICIOUS_MOVE = YES;
				CLANG_WARN_UNGUARDED_AVAILABILITY = YES_AGGRESSIVE;
				CLANG_WARN_UNREACHABLE_CODE = YES;
				CLANG_WARN__DUPLICATE_METHOD_MATCH = YES;
				COPY_PHASE_STRIP = NO;
				DEBUG_INFORMATION_FORMAT = "dwarf-with-dsym";
				ENABLE_NS_ASSERTIONS = NO;
				ENABLE_STRICT_OBJC_MSGSEND = YES;
				GCC_C_LANGUAGE_STANDARD = gnu11;
				GCC_NO_COMMON_BLOCKS = YES;
				GCC_WARN_64_TO_32_BIT_CONVERSION = YES;
				GCC_WARN_ABOUT_RETURN_TYPE = YES_ERROR;
				GCC_WARN_UNDECLARED_SELECTOR = YES;
				GCC_WARN_UNINITIALIZED_AUTOS = YES_AGGRESSIVE;
				GCC_WARN_UNUSED_FUNCTION = YES;
				GCC_WARN_UNUSED_VARIABLE = YES;
				IPHONEOS_DEPLOYMENT_TARGET = 13.2;
				MTL_ENABLE_DEBUG_INFO = NO;
				MTL_FAST_MATH = YES;
				SDKROOT = iphoneos;
				SWIFT_COMPILATION_MODE = wholemodule;
				SWIFT_OPTIMIZATION_LEVEL = "-O";
				VALIDATE_PRODUCT = YES;
			};
			name = Release;
		};
		CBD457152427A83D00F1F288 /* Debug */ = {
			isa = XCBuildConfiguration;
			baseConfigurationReference = 9B27C50AA2C8EA41638C1D67 /* Pods-WhatFlower.debug.xcconfig */;
			buildSettings = {
				ASSETCATALOG_COMPILER_APPICON_NAME = AppIcon;
				CODE_SIGN_STYLE = Automatic;
				DEVELOPMENT_TEAM = L3N5YCXU3C;
				INFOPLIST_FILE = WhatFlower/Info.plist;
				LD_RUNPATH_SEARCH_PATHS = (
					"$(inherited)",
					"@executable_path/Frameworks",
				);
				PRODUCT_BUNDLE_IDENTIFIER = com.gshukakidze.WhatFlower;
				PRODUCT_NAME = "$(TARGET_NAME)";
				SWIFT_VERSION = 5.0;
				TARGETED_DEVICE_FAMILY = "1,2";
			};
			name = Debug;
		};
		CBD457162427A83D00F1F288 /* Release */ = {
			isa = XCBuildConfiguration;
			baseConfigurationReference = 9B3CC1038F738B44B9E03BAD /* Pods-WhatFlower.release.xcconfig */;
			buildSettings = {
				ASSETCATALOG_COMPILER_APPICON_NAME = AppIcon;
				CODE_SIGN_STYLE = Automatic;
				DEVELOPMENT_TEAM = L3N5YCXU3C;
				INFOPLIST_FILE = WhatFlower/Info.plist;
				LD_RUNPATH_SEARCH_PATHS = (
					"$(inherited)",
					"@executable_path/Frameworks",
				);
				PRODUCT_BUNDLE_IDENTIFIER = com.gshukakidze.WhatFlower;
				PRODUCT_NAME = "$(TARGET_NAME)";
				SWIFT_VERSION = 5.0;
				TARGETED_DEVICE_FAMILY = "1,2";
			};
			name = Release;
		};
/* End XCBuildConfiguration section */

/* Begin XCConfigurationList section */
		CBD456FB2427A83B00F1F288 /* Build configuration list for PBXProject "WhatFlower" */ = {
			isa = XCConfigurationList;
			buildConfigurations = (
				CBD457122427A83D00F1F288 /* Debug */,
				CBD457132427A83D00F1F288 /* Release */,
			);
			defaultConfigurationIsVisible = 0;
			defaultConfigurationName = Release;
		};
		CBD457142427A83D00F1F288 /* Build configuration list for PBXNativeTarget "WhatFlower" */ = {
			isa = XCConfigurationList;
			buildConfigurations = (
				CBD457152427A83D00F1F288 /* Debug */,
				CBD457162427A83D00F1F288 /* Release */,
			);
			defaultConfigurationIsVisible = 0;
			defaultConfigurationName = Release;
		};
/* End XCConfigurationList section */
	};
	rootObject = CBD456F82427A83B00F1F288 /* Project object */;
}
