// !$*UTF8*$!
{
	archiveVersion = 1;
	classes = {
	};
	objectVersion = 50;
	objects = {

/* Begin PBXBuildFile section */
		CB6307952424AFC200FF73C0 /* AppDelegate.swift in Sources */ = {isa = PBXBuildFile; fileRef = CB6307942424AFC200FF73C0 /* AppDelegate.swift */; };
		CB6307972424AFC200FF73C0 /* SceneDelegate.swift in Sources */ = {isa = PBXBuildFile; fileRef = CB6307962424AFC200FF73C0 /* SceneDelegate.swift */; };
		CB6307992424AFC200FF73C0 /* ViewController.swift in Sources */ = {isa = PBXBuildFile; fileRef = CB6307982424AFC200FF73C0 /* ViewController.swift */; };
		CB63079C2424AFC200FF73C0 /* Main.storyboard in Resources */ = {isa = PBXBuildFile; fileRef = CB63079A2424AFC200FF73C0 /* Main.storyboard */; };
		CB63079E2424AFC300FF73C0 /* Assets.xcassets in Resources */ = {isa = PBXBuildFile; fileRef = CB63079D2424AFC300FF73C0 /* Assets.xcassets */; };
		CB6307A12424AFC300FF73C0 /* LaunchScreen.storyboard in Resources */ = {isa = PBXBuildFile; fileRef = CB63079F2424AFC300FF73C0 /* LaunchScreen.storyboard */; };
		CB6307A92424AFFC00FF73C0 /* Inceptionv3.mlmodel in Sources */ = {isa = PBXBuildFile; fileRef = CB6307A82424AFFC00FF73C0 /* Inceptionv3.mlmodel */; };
/* End PBXBuildFile section */

/* Begin PBXFileReference section */
		CB6307912424AFC200FF73C0 /* HotDogorNot.app */ = {isa = PBXFileReference; explicitFileType = wrapper.application; includeInIndex = 0; path = HotDogorNot.app; sourceTree = BUILT_PRODUCTS_DIR; };
		CB6307942424AFC200FF73C0 /* AppDelegate.swift */ = {isa = PBXFileReference; lastKnownFileType = sourcecode.swift; path = AppDelegate.swift; sourceTree = "<group>"; };
		CB6307962424AFC200FF73C0 /* SceneDelegate.swift */ = {isa = PBXFileReference; lastKnownFileType = sourcecode.swift; path = SceneDelegate.swift; sourceTree = "<group>"; };
		CB6307982424AFC200FF73C0 /* ViewController.swift */ = {isa = PBXFileReference; lastKnownFileType = sourcecode.swift; path = ViewController.swift; sourceTree = "<group>"; };
		CB63079B2424AFC200FF73C0 /* Base */ = {isa = PBXFileReference; lastKnownFileType = file.storyboard; name = Base; path = Base.lproj/Main.storyboard; sourceTree = "<group>"; };
		CB63079D2424AFC300FF73C0 /* Assets.xcassets */ = {isa = PBXFileReference; lastKnownFileType = folder.assetcatalog; path = Assets.xcassets; sourceTree = "<group>"; };
		CB6307A02424AFC300FF73C0 /* Base */ = {isa = PBXFileReference; lastKnownFileType = file.storyboard; name = Base; path = Base.lproj/LaunchScreen.storyboard; sourceTree = "<group>"; };
		CB6307A22424AFC300FF73C0 /* Info.plist */ = {isa = PBXFileReference; lastKnownFileType = text.plist.xml; path = Info.plist; sourceTree = "<group>"; };
		CB6307A82424AFFC00FF73C0 /* Inceptionv3.mlmodel */ = {isa = PBXFileReference; lastKnownFileType = file.mlmodel; path = Inceptionv3.mlmodel; sourceTree = "<group>"; };
/* End PBXFileReference section */

/* Begin PBXFrameworksBuildPhase section */
		CB63078E2424AFC200FF73C0 /* Frameworks */ = {
			isa = PBXFrameworksBuildPhase;
			buildActionMask = 2147483647;
			files = (
			);
			runOnlyForDeploymentPostprocessing = 0;
		};
/* End PBXFrameworksBuildPhase section */

/* Begin PBXGroup section */
		CB6307882424AFC200FF73C0 = {
			isa = PBXGroup;
			children = (
				CB6307932424AFC200FF73C0 /* HotDogorNot */,
				CB6307922424AFC200FF73C0 /* Products */,
			);
			sourceTree = "<group>";
		};
		CB6307922424AFC200FF73C0 /* Products */ = {
			isa = PBXGroup;
			children = (
				CB6307912424AFC200FF73C0 /* HotDogorNot.app */,
			);
			name = Products;
			sourceTree = "<group>";
		};
		CB6307932424AFC200FF73C0 /* HotDogorNot */ = {
			isa = PBXGroup;
			children = (
				CB6307982424AFC200FF73C0 /* ViewController.swift */,
				CB63079A2424AFC200FF73C0 /* Main.storyboard */,
				CB6307AA2424B06400FF73C0 /* Supporting Files */,
				CB6307A22424AFC300FF73C0 /* Info.plist */,
				CB6307A82424AFFC00FF73C0 /* Inceptionv3.mlmodel */,
			);
			path = HotDogorNot;
			sourceTree = "<group>";
		};
		CB6307AA2424B06400FF73C0 /* Supporting Files */ = {
			isa = PBXGroup;
			children = (
				CB6307942424AFC200FF73C0 /* AppDelegate.swift */,
				CB6307962424AFC200FF73C0 /* SceneDelegate.swift */,
				CB63079D2424AFC300FF73C0 /* Assets.xcassets */,
				CB63079F2424AFC300FF73C0 /* LaunchScreen.storyboard */,
			);
			path = "Supporting Files";
			sourceTree = "<group>";
		};
/* End PBXGroup section */

/* Begin PBXNativeTarget section */
		CB6307902424AFC200FF73C0 /* HotDogorNot */ = {
			isa = PBXNativeTarget;
			buildConfigurationList = CB6307A52424AFC300FF73C0 /* Build configuration list for PBXNativeTarget "HotDogorNot" */;
			buildPhases = (
				CB63078D2424AFC200FF73C0 /* Sources */,
				CB63078E2424AFC200FF73C0 /* Frameworks */,
				CB63078F2424AFC200FF73C0 /* Resources */,
			);
			buildRules = (
			);
			dependencies = (
			);
			name = HotDogorNot;
			productName = SeaFood;
			productReference = CB6307912424AFC200FF73C0 /* HotDogorNot.app */;
			productType = "com.apple.product-type.application";
		};
/* End PBXNativeTarget section */

/* Begin PBXProject section */
		CB6307892424AFC200FF73C0 /* Project object */ = {
			isa = PBXProject;
			attributes = {
				LastSwiftUpdateCheck = 1130;
				LastUpgradeCheck = 1130;
				ORGANIZATIONNAME = "Giorgi Shukakidze";
				TargetAttributes = {
					CB6307902424AFC200FF73C0 = {
						CreatedOnToolsVersion = 11.3.1;
					};
				};
			};
			buildConfigurationList = CB63078C2424AFC200FF73C0 /* Build configuration list for PBXProject "HotDogorNot" */;
			compatibilityVersion = "Xcode 9.3";
			developmentRegion = en;
			hasScannedForEncodings = 0;
			knownRegions = (
				en,
				Base,
			);
			mainGroup = CB6307882424AFC200FF73C0;
			productRefGroup = CB6307922424AFC200FF73C0 /* Products */;
			projectDirPath = "";
			projectRoot = "";
			targets = (
				CB6307902424AFC200FF73C0 /* HotDogorNot */,
			);
		};
/* End PBXProject section */

/* Begin PBXResourcesBuildPhase section */
		CB63078F2424AFC200FF73C0 /* Resources */ = {
			isa = PBXResourcesBuildPhase;
			buildActionMask = 2147483647;
			files = (
				CB6307A12424AFC300FF73C0 /* LaunchScreen.storyboard in Resources */,
				CB63079E2424AFC300FF73C0 /* Assets.xcassets in Resources */,
				CB63079C2424AFC200FF73C0 /* Main.storyboard in Resources */,
			);
			runOnlyForDeploymentPostprocessing = 0;
		};
/* End PBXResourcesBuildPhase section */

/* Begin PBXSourcesBuildPhase section */
		CB63078D2424AFC200FF73C0 /* Sources */ = {
			isa = PBXSourcesBuildPhase;
			buildActionMask = 2147483647;
			files = (
				CB6307992424AFC200FF73C0 /* ViewController.swift in Sources */,
				CB6307A92424AFFC00FF73C0 /* Inceptionv3.mlmodel in Sources */,
				CB6307952424AFC200FF73C0 /* AppDelegate.swift in Sources */,
				CB6307972424AFC200FF73C0 /* SceneDelegate.swift in Sources */,
			);
			runOnlyForDeploymentPostprocessing = 0;
		};
/* End PBXSourcesBuildPhase section */

/* Begin PBXVariantGroup section */
		CB63079A2424AFC200FF73C0 /* Main.storyboard */ = {
			isa = PBXVariantGroup;
			children = (
				CB63079B2424AFC200FF73C0 /* Base */,
			);
			name = Main.storyboard;
			sourceTree = "<group>";
		};
		CB63079F2424AFC300FF73C0 /* LaunchScreen.storyboard */ = {
			isa = PBXVariantGroup;
			children = (
				CB6307A02424AFC300FF73C0 /* Base */,
			);
			name = LaunchScreen.storyboard;
			sourceTree = "<group>";
		};
/* End PBXVariantGroup section */

/* Begin XCBuildConfiguration section */
		CB6307A32424AFC300FF73C0 /* Debug */ = {
			isa = XCBuildConfiguration;
			buildSettings = {
				ALWAYS_SEARCH_USER_PATHS = NO;
				CLANG_ANALYZER_NONNULL = YES;
				CLANG_ANALYZER_NUMBER_OBJECT_CONVERSION = YES_AGGRESSIVE;
				CLANG_CXX_LANGUAGE_STANDARD = "gnu++14";
				CLANG_CXX_LIBRARY = "libc++";
				CLANG_ENABLE_MODULES = YES;
				CLANG_ENABLE_OBJC_ARC = YES;
				CLANG_ENABLE_OBJC_WEAK = YES;
				CLANG_WARN_BLOCK_CAPTURE_AUTORELEASING = YES;
				CLANG_WARN_BOOL_CONVERSION = YES;
				CLANG_WARN_COMMA = YES;
				CLANG_WARN_CONSTANT_CONVERSION = YES;
				CLANG_WARN_DEPRECATED_OBJC_IMPLEMENTATIONS = YES;
				CLANG_WARN_DIRECT_OBJC_ISA_USAGE = YES_ERROR;
				CLANG_WARN_DOCUMENTATION_COMMENTS = YES;
				CLANG_WARN_EMPTY_BODY = YES;
				CLANG_WARN_ENUM_CONVERSION = YES;
				CLANG_WARN_INFINITE_RECURSION = YES;
				CLANG_WARN_INT_CONVERSION = YES;
				CLANG_WARN_NON_LITERAL_NULL_CONVERSION = YES;
				CLANG_WARN_OBJC_IMPLICIT_RETAIN_SELF = YES;
				CLANG_WARN_OBJC_LITERAL_CONVERSION = YES;
				CLANG_WARN_OBJC_ROOT_CLASS = YES_ERROR;
				CLANG_WARN_RANGE_LOOP_ANALYSIS = YES;
				CLANG_WARN_STRICT_PROTOTYPES = YES;
				CLANG_WARN_SUSPICIOUS_MOVE = YES;
				CLANG_WARN_UNGUARDED_AVAILABILITY = YES_AGGRESSIVE;
				CLANG_WARN_UNREACHABLE_CODE = YES;
				CLANG_WARN__DUPLICATE_METHOD_MATCH = YES;
				COPY_PHASE_STRIP = NO;
				DEBUG_INFORMATION_FORMAT = dwarf;
				ENABLE_STRICT_OBJC_MSGSEND = YES;
				ENABLE_TESTABILITY = YES;
				GCC_C_LANGUAGE_STANDARD = gnu11;
				GCC_DYNAMIC_NO_PIC = NO;
				GCC_NO_COMMON_BLOCKS = YES;
				GCC_OPTIMIZATION_LEVEL = 0;
				GCC_PREPROCESSOR_DEFINITIONS = (
					"DEBUG=1",
					"$(inherited)",
				);
				GCC_WARN_64_TO_32_BIT_CONVERSION = YES;
				GCC_WARN_ABOUT_RETURN_TYPE = YES_ERROR;
				GCC_WARN_UNDECLARED_SELECTOR = YES;
				GCC_WARN_UNINITIALIZED_AUTOS = YES_AGGRESSIVE;
				GCC_WARN_UNUSED_FUNCTION = YES;
				GCC_WARN_UNUSED_VARIABLE = YES;
				IPHONEOS_DEPLOYMENT_TARGET = 13.2;
				MTL_ENABLE_DEBUG_INFO = INCLUDE_SOURCE;
				MTL_FAST_MATH = YES;
				ONLY_ACTIVE_ARCH = YES;
				SDKROOT = iphoneos;
				SWIFT_ACTIVE_COMPILATION_CONDITIONS = DEBUG;
				SWIFT_OPTIMIZATION_LEVEL = "-Onone";
			};
			name = Debug;
		};
		CB6307A42424AFC300FF73C0 /* Release */ = {
			isa = XCBuildConfiguration;
			buildSettings = {
				ALWAYS_SEARCH_USER_PATHS = NO;
				CLANG_ANALYZER_NONNULL = YES;
				CLANG_ANALYZER_NUMBER_OBJECT_CONVERSION = YES_AGGRESSIVE;
				CLANG_CXX_LANGUAGE_STANDARD = "gnu++14";
				CLANG_CXX_LIBRARY = "libc++";
				CLANG_ENABLE_MODULES = YES;
				CLANG_ENABLE_OBJC_ARC = YES;
				CLANG_ENABLE_OBJC_WEAK = YES;
				CLANG_WARN_BLOCK_CAPTURE_AUTORELEASING = YES;
				CLANG_WARN_BOOL_CONVERSION = YES;
				CLANG_WARN_COMMA = YES;
				CLANG_WARN_CONSTANT_CONVERSION = YES;
				CLANG_WARN_DEPRECATED_OBJC_IMPLEMENTATIONS = YES;
				CLANG_WARN_DIRECT_OBJC_ISA_USAGE = YES_ERROR;
				CLANG_WARN_DOCUMENTATION_COMMENTS = YES;
				CLANG_WARN_EMPTY_BODY = YES;
				CLANG_WARN_ENUM_CONVERSION = YES;
				CLANG_WARN_INFINITE_RECURSION = YES;
				CLANG_WARN_INT_CONVERSION = YES;
				CLANG_WARN_NON_LITERAL_NULL_CONVERSION = YES;
				CLANG_WARN_OBJC_IMPLICIT_RETAIN_SELF = YES;
				CLANG_WARN_OBJC_LITERAL_CONVERSION = YES;
				CLANG_WARN_OBJC_ROOT_CLASS = YES_ERROR;
				CLANG_WARN_RANGE_LOOP_ANALYSIS = YES;
				CLANG_WARN_STRICT_PROTOTYPES = YES;
				CLANG_WARN_SUSPICIOUS_MOVE = YES;
				CLANG_WARN_UNGUARDED_AVAILABILITY = YES_AGGRESSIVE;
				CLANG_WARN_UNREACHABLE_CODE = YES;
				CLANG_WARN__DUPLICATE_METHOD_MATCH = YES;
				COPY_PHASE_STRIP = NO;
				DEBUG_INFORMATION_FORMAT = "dwarf-with-dsym";
				ENABLE_NS_ASSERTIONS = NO;
				ENABLE_STRICT_OBJC_MSGSEND = YES;
				GCC_C_LANGUAGE_STANDARD = gnu11;
				GCC_NO_COMMON_BLOCKS = YES;
				GCC_WARN_64_TO_32_BIT_CONVERSION = YES;
				GCC_WARN_ABOUT_RETURN_TYPE = YES_ERROR;
				GCC_WARN_UNDECLARED_SELECTOR = YES;
				GCC_WARN_UNINITIALIZED_AUTOS = YES_AGGRESSIVE;
				GCC_WARN_UNUSED_FUNCTION = YES;
				GCC_WARN_UNUSED_VARIABLE = YES;
				IPHONEOS_DEPLOYMENT_TARGET = 13.2;
				MTL_ENABLE_DEBUG_INFO = NO;
				MTL_FAST_MATH = YES;
				SDKROOT = iphoneos;
				SWIFT_COMPILATION_MODE = wholemodule;
				SWIFT_OPTIMIZATION_LEVEL = "-O";
				VALIDATE_PRODUCT = YES;
			};
			name = Release;
		};
		CB6307A62424AFC300FF73C0 /* Debug */ = {
			isa = XCBuildConfiguration;
			buildSettings = {
				ASSETCATALOG_COMPILER_APPICON_NAME = AppIcon;
				CODE_SIGN_STYLE = Automatic;
				DEVELOPMENT_TEAM = L3N5YCXU3C;
				INFOPLIST_FILE = SeaFood/Info.plist;
				LD_RUNPATH_SEARCH_PATHS = (
					"$(inherited)",
					"@executable_path/Frameworks",
				);
				PRODUCT_BUNDLE_IDENTIFIER = com.gshukakidze.SeaFood;
				PRODUCT_NAME = "$(TARGET_NAME)";
				SWIFT_VERSION = 5.0;
				TARGETED_DEVICE_FAMILY = "1,2";
			};
			name = Debug;
		};
		CB6307A72424AFC300FF73C0 /* Release */ = {
			isa = XCBuildConfiguration;
			buildSettings = {
				ASSETCATALOG_COMPILER_APPICON_NAME = AppIcon;
				CODE_SIGN_STYLE = Automatic;
				DEVELOPMENT_TEAM = L3N5YCXU3C;
				INFOPLIST_FILE = SeaFood/Info.plist;
				LD_RUNPATH_SEARCH_PATHS = (
					"$(inherited)",
					"@executable_path/Frameworks",
				);
				PRODUCT_BUNDLE_IDENTIFIER = com.gshukakidze.SeaFood;
				PRODUCT_NAME = "$(TARGET_NAME)";
				SWIFT_VERSION = 5.0;
				TARGETED_DEVICE_FAMILY = "1,2";
			};
			name = Release;
		};
/* End XCBuildConfiguration section */

/* Begin XCConfigurationList section */
		CB63078C2424AFC200FF73C0 /* Build configuration list for PBXProject "HotDogorNot" */ = {
			isa = XCConfigurationList;
			buildConfigurations = (
				CB6307A32424AFC300FF73C0 /* Debug */,
				CB6307A42424AFC300FF73C0 /* Release */,
			);
			defaultConfigurationIsVisible = 0;
			defaultConfigurationName = Release;
		};
		CB6307A52424AFC300FF73C0 /* Build configuration list for PBXNativeTarget "HotDogorNot" */ = {
			isa = XCConfigurationList;
			buildConfigurations = (
				CB6307A62424AFC300FF73C0 /* Debug */,
				CB6307A72424AFC300FF73C0 /* Release */,
			);
			defaultConfigurationIsVisible = 0;
			defaultConfigurationName = Release;
		};
/* End XCConfigurationList section */
	};
	rootObject = CB6307892424AFC200FF73C0 /* Project object */;
}
